
Microsoft Visual Studio Solution File, Format Version 12.00
# Visual Studio Version 16
VisualStudioVersion = 16.0.28917.181
MinimumVisualStudioVersion = 10.0.40219.1
Project("{FAE04EC0-301F-11D3-BF4B-00C04F79EFBC}") = "CSharpLevel0", "CSharpLevel0\CSharpLevel0.csproj", "{B4E2BD7D-9F0D-4A5A-9045-E6C23304D2EC}"
EndProject
Project("{FAE04EC0-301F-11D3-BF4B-00C04F79EFBC}") = "CSharpLevel0.Log", "CSharpLevel0.Log\CSharpLevel0.Log.csproj", "{9BC8566A-80BD-4225-84C2-94C9DF5C7A7C}"
EndProject
Project("{FAE04EC0-301F-11D3-BF4B-00C04F79EFBC}") = "CSharpLevel0.Json", "CSharpLevel0.Json\CSharpLevel0.Json.csproj", "{FF7EE56E-5885-422E-B84A-BB84540F66B7}"
EndProject
Project("{FAE04EC0-301F-11D3-BF4B-00C04F79EFBC}") = "CSharpLevel0.String", "CSharpLevel0.String\CSharpLevel0.String.csproj", "{AD6133C7-8D1A-4F23-A7AB-764E67189942}"
EndProject
Project("{FAE04EC0-301F-11D3-BF4B-00C04F79EFBC}") = "CSharpLevel0.DesignPattern", "CSharpLevel0.DesignPattern\CSharpLevel0.DesignPattern.csproj", "{B271EA71-6F0C-4C6F-9E1C-DD97F5321D51}"
EndProject
Global
	GlobalSection(SolutionConfigurationPlatforms) = preSolution
		Debug|Any CPU = Debug|Any CPU
		Release|Any CPU = Release|Any CPU
	EndGlobalSection
	GlobalSection(ProjectConfigurationPlatforms) = postSolution
		{B4E2BD7D-9F0D-4A5A-9045-E6C23304D2EC}.Debug|Any CPU.ActiveCfg = Debug|Any CPU
		{B4E2BD7D-9F0D-4A5A-9045-E6C23304D2EC}.Debug|Any CPU.Build.0 = Debug|Any CPU
		{B4E2BD7D-9F0D-4A5A-9045-E6C23304D2EC}.Release|Any CPU.ActiveCfg = Release|Any CPU
		{B4E2BD7D-9F0D-4A5A-9045-E6C23304D2EC}.Release|Any CPU.Build.0 = Release|Any CPU
		{9BC8566A-80BD-4225-84C2-94C9DF5C7A7C}.Debug|Any CPU.ActiveCfg = Debug|Any CPU
		{9BC8566A-80BD-4225-84C2-94C9DF5C7A7C}.Debug|Any CPU.Build.0 = Debug|Any CPU
		{9BC8566A-80BD-4225-84C2-94C9DF5C7A7C}.Release|Any CPU.ActiveCfg = Release|Any CPU
		{9BC8566A-80BD-4225-84C2-94C9DF5C7A7C}.Release|Any CPU.Build.0 = Release|Any CPU
		{FF7EE56E-5885-422E-B84A-BB84540F66B7}.Debug|Any CPU.ActiveCfg = Debug|Any CPU
		{FF7EE56E-5885-422E-B84A-BB84540F66B7}.Debug|Any CPU.Build.0 = Debug|Any CPU
		{FF7EE56E-5885-422E-B84A-BB84540F66B7}.Release|Any CPU.ActiveCfg = Release|Any CPU
		{FF7EE56E-5885-422E-B84A-BB84540F66B7}.Release|Any CPU.Build.0 = Release|Any CPU
		{AD6133C7-8D1A-4F23-A7AB-764E67189942}.Debug|Any CPU.ActiveCfg = Debug|Any CPU
		{AD6133C7-8D1A-4F23-A7AB-764E67189942}.Debug|Any CPU.Build.0 = Debug|Any CPU
		{AD6133C7-8D1A-4F23-A7AB-764E67189942}.Release|Any CPU.ActiveCfg = Release|Any CPU
		{AD6133C7-8D1A-4F23-A7AB-764E67189942}.Release|Any CPU.Build.0 = Release|Any CPU
		{B271EA71-6F0C-4C6F-9E1C-DD97F5321D51}.Debug|Any CPU.ActiveCfg = Debug|Any CPU
		{B271EA71-6F0C-4C6F-9E1C-DD97F5321D51}.Debug|Any CPU.Build.0 = Debug|Any CPU
		{B271EA71-6F0C-4C6F-9E1C-DD97F5321D51}.Release|Any CPU.ActiveCfg = Release|Any CPU
		{B271EA71-6F0C-4C6F-9E1C-DD97F5321D51}.Release|Any CPU.Build.0 = Release|Any CPU
	EndGlobalSection
	GlobalSection(SolutionProperties) = preSolution
		HideSolutionNode = FALSE
	EndGlobalSection
	GlobalSection(ExtensibilityGlobals) = postSolution
		SolutionGuid = {8D776EDE-560F-4B20-836A-5419CCB59327}
	EndGlobalSection
EndGlobal
